Microsoft Visual Studio Solution File, Format Version 12.00
# Visual Studio 14
VisualStudioVersion = 14.0.25420.1
MinimumVisualStudioVersion = 10.0.40219.1
Project("{E24C65DC-7377-472B-9ABA-BC803B73C61A}") = "Website", "Website\", "{DB3F1977-0F44-4D75-9951-82DB112800BA}"
	ProjectSection(WebsiteProperties) = preProject
		SccProjectName = "SAK"
		SccAuxPath = "SAK"
		SccLocalPath = "SAK"
		SccProvider = "SAK"
		TargetFrameworkMoniker = ".NETFramework,Version%3Dv4.5.1"
		Debug.AspNetCompiler.VirtualPath = "/Website"
		Debug.AspNetCompiler.PhysicalPath = "Website\"
		Debug.AspNetCompiler.TargetPath = "PrecompiledWeb\Website\"
		Debug.AspNetCompiler.Updateable = "true"
		Debug.AspNetCompiler.ForceOverwrite = "true"
		Debug.AspNetCompiler.FixedNames = "false"
		Debug.AspNetCompiler.Debug = "True"
		Release.AspNetCompiler.VirtualPath = "/Website"
		Release.AspNetCompiler.PhysicalPath = "Website\"
		Release.AspNetCompiler.TargetPath = "PrecompiledWeb\Website\"
		Release.AspNetCompiler.Updateable = "true"
		Release.AspNetCompiler.ForceOverwrite = "true"
		Release.AspNetCompiler.FixedNames = "false"
		Release.AspNetCompiler.Debug = "False"
		VWDPort = "64868"
		VWDVirtualPath = "/"
		SlnRelativePath = "Website\"
	EndProjectSection
EndProject
Project("{2150E333-8FDC-42A3-9474-1A3956D46DE8}") = "Website", "Website", "{547E4105-9795-44D9-A0E0-A655AF92601D}"
EndProject
Project("{2150E333-8FDC-42A3-9474-1A3956D46DE8}") = "Plugins", "Plugins", "{8F28515D-25D1-4E73-9D0F-3676D11BC951}"
EndProject
Project("{FAE04EC0-301F-11D3-BF4B-00C04F79EFBC}") = "Qixol.Plugin.Misc.Promo", "Plugins\Qixol.Plugin.Misc.QixolPromotions\Qixol.Plugin.Misc.Promo.csproj", "{47D1E575-63FA-4DB6-ABC2-145227EC1900}"
EndProject
Project("{2150E333-8FDC-42A3-9474-1A3956D46DE8}") = "Libraries", "Libraries", "{B21389E1-BB2B-45E7-9376-C92B138D6A4D}"
EndProject
Project("{FAE04EC0-301F-11D3-BF4B-00C04F79EFBC}") = "Qixol.Nop.Promo.Core", "Libraries\Qixol.Nop.Promo.Core\Qixol.Nop.Promo.Core.csproj", "{913636AF-4223-4AF2-B425-255340AB51F5}"
EndProject
Project("{FAE04EC0-301F-11D3-BF4B-00C04F79EFBC}") = "Qixol.Nop.Promo.Data", "Libraries\Qixol.Nop.Promo.Data\Qixol.Nop.Promo.Data.csproj", "{FFC52E6C-E015-49A4-902F-18A6BA7CF5FF}"
EndProject
Project("{FAE04EC0-301F-11D3-BF4B-00C04F79EFBC}") = "Qixol.Nop.Promo.Services", "Libraries\Qixol.Nop.Promo.Services\Qixol.Nop.Promo.Services.csproj", "{390EE906-71E4-4738-B383-76D825E3BA1C}"
EndProject
Project("{FAE04EC0-301F-11D3-BF4B-00C04F79EFBC}") = "Qixol.Plugin.Widgets.Promo", "Plugins\Qixol.Plugin.Widgets.Promo\Qixol.Plugin.Widgets.Promo.csproj", "{E47BA7CD-20D4-453F-BA8A-02DBE095DB70}"
EndProject
Project("{2150E333-8FDC-42A3-9474-1A3956D46DE8}") = "Utilities", "Utilities", "{AB51E319-4D8A-465D-BA4A-E2F87CEAA407}"
	ProjectSection(SolutionItems) = preProject
		Utilities\SP_PNP_Backup.sql = Utilities\SP_PNP_Backup.sql
		Utilities\SP_PNP_Restore.sql = Utilities\SP_PNP_Restore.sql
		Utilities\Upgrade_from_3.60.4_to_3.60.5.sql = Utilities\Upgrade_from_3.60.4_to_3.60.5.sql
		Utilities\Upgrade_from_3.60.5_to_3.60.6.sql = Utilities\Upgrade_from_3.60.5_to_3.60.6.sql
		Utilities\Upgrade_from_3.60.6_to_3.60.7.sql = Utilities\Upgrade_from_3.60.6_to_3.60.7.sql
		Utilities\Upgrade_from_3.60.7_to_3.60.8.0.sql = Utilities\Upgrade_from_3.60.7_to_3.60.8.0.sql
	EndProjectSection
EndProject
Project("{2150E333-8FDC-42A3-9474-1A3956D46DE8}") = "Shared Solution Items", "Shared Solution Items", "{FC372C95-D84F-4D00-A5E9-FB47AB64E731}"
	ProjectSection(SolutionItems) = preProject
		Shared Solution Items\SharedAssemblyInfo.cs = Shared Solution Items\SharedAssemblyInfo.cs
	EndProjectSection
EndProject
Global
	GlobalSection(SolutionConfigurationPlatforms) = preSolution
		Debug|Any CPU = Debug|Any CPU
		Release|Any CPU = Release|Any CPU
	EndGlobalSection
	GlobalSection(ProjectConfigurationPlatforms) = postSolution
		{DB3F1977-0F44-4D75-9951-82DB112800BA}.Debug|Any CPU.ActiveCfg = Debug|Any CPU
		{DB3F1977-0F44-4D75-9951-82DB112800BA}.Release|Any CPU.ActiveCfg = Debug|Any CPU
		{DB3F1977-0F44-4D75-9951-82DB112800BA}.Release|Any CPU.Build.0 = Debug|Any CPU
		{47D1E575-63FA-4DB6-ABC2-145227EC1900}.Debug|Any CPU.ActiveCfg = Debug|Any CPU
		{47D1E575-63FA-4DB6-ABC2-145227EC1900}.Debug|Any CPU.Build.0 = Debug|Any CPU
		{47D1E575-63FA-4DB6-ABC2-145227EC1900}.Release|Any CPU.ActiveCfg = Release|Any CPU
		{47D1E575-63FA-4DB6-ABC2-145227EC1900}.Release|Any CPU.Build.0 = Release|Any CPU
		{913636AF-4223-4AF2-B425-255340AB51F5}.Debug|Any CPU.ActiveCfg = Debug|Any CPU
		{913636AF-4223-4AF2-B425-255340AB51F5}.Debug|Any CPU.Build.0 = Debug|Any CPU
		{913636AF-4223-4AF2-B425-255340AB51F5}.Release|Any CPU.ActiveCfg = Release|Any CPU
		{913636AF-4223-4AF2-B425-255340AB51F5}.Release|Any CPU.Build.0 = Release|Any CPU
		{FFC52E6C-E015-49A4-902F-18A6BA7CF5FF}.Debug|Any CPU.ActiveCfg = Debug|Any CPU
		{FFC52E6C-E015-49A4-902F-18A6BA7CF5FF}.Debug|Any CPU.Build.0 = Debug|Any CPU
		{FFC52E6C-E015-49A4-902F-18A6BA7CF5FF}.Release|Any CPU.ActiveCfg = Release|Any CPU
		{FFC52E6C-E015-49A4-902F-18A6BA7CF5FF}.Release|Any CPU.Build.0 = Release|Any CPU
		{390EE906-71E4-4738-B383-76D825E3BA1C}.Debug|Any CPU.ActiveCfg = Debug|Any CPU
		{390EE906-71E4-4738-B383-76D825E3BA1C}.Debug|Any CPU.Build.0 = Debug|Any CPU
		{390EE906-71E4-4738-B383-76D825E3BA1C}.Release|Any CPU.ActiveCfg = Release|Any CPU
		{390EE906-71E4-4738-B383-76D825E3BA1C}.Release|Any CPU.Build.0 = Release|Any CPU
		{E47BA7CD-20D4-453F-BA8A-02DBE095DB70}.Debug|Any CPU.ActiveCfg = Debug|Any CPU
		{E47BA7CD-20D4-453F-BA8A-02DBE095DB70}.Debug|Any CPU.Build.0 = Debug|Any CPU
		{E47BA7CD-20D4-453F-BA8A-02DBE095DB70}.Release|Any CPU.ActiveCfg = Release|Any CPU
		{E47BA7CD-20D4-453F-BA8A-02DBE095DB70}.Release|Any CPU.Build.0 = Release|Any CPU
	EndGlobalSection
	GlobalSection(SolutionProperties) = preSolution
		HideSolutionNode = FALSE
	EndGlobalSection
	GlobalSection(NestedProjects) = preSolution
		{DB3F1977-0F44-4D75-9951-82DB112800BA} = {547E4105-9795-44D9-A0E0-A655AF92601D}
		{47D1E575-63FA-4DB6-ABC2-145227EC1900} = {8F28515D-25D1-4E73-9D0F-3676D11BC951}
		{913636AF-4223-4AF2-B425-255340AB51F5} = {B21389E1-BB2B-45E7-9376-C92B138D6A4D}
		{FFC52E6C-E015-49A4-902F-18A6BA7CF5FF} = {B21389E1-BB2B-45E7-9376-C92B138D6A4D}
		{390EE906-71E4-4738-B383-76D825E3BA1C} = {B21389E1-BB2B-45E7-9376-C92B138D6A4D}
		{E47BA7CD-20D4-453F-BA8A-02DBE095DB70} = {8F28515D-25D1-4E73-9D0F-3676D11BC951}
	EndGlobalSection
EndGlobal
